
Microsoft Visual Studio Solution File, Format Version 12.00
# Visual Studio Version 16
VisualStudioVersion = 16.0.30309.148
MinimumVisualStudioVersion = 10.0.40219.1
Project("{9A19103F-16F7-4668-BE54-9A1E7A4F7556}") = "ApiSitio", "ApiSitio.csproj", "{F4AA71C6-A916-4FCD-997D-2F84E5F57A15}"
EndProject
Global
	GlobalSection(SolutionConfigurationPlatforms) = preSolution
		Debug|Any CPU = Debug|Any CPU
		Release|Any CPU = Release|Any CPU
	EndGlobalSection
	GlobalSection(ProjectConfigurationPlatforms) = postSolution
		{F4AA71C6-A916-4FCD-997D-2F84E5F57A15}.Debug|Any CPU.ActiveCfg = Debug|Any CPU
		{F4AA71C6-A916-4FCD-997D-2F84E5F57A15}.Debug|Any CPU.Build.0 = Debug|Any CPU
		{F4AA71C6-A916-4FCD-997D-2F84E5F57A15}.Release|Any CPU.ActiveCfg = Release|Any CPU
		{F4AA71C6-A916-4FCD-997D-2F84E5F57A15}.Release|Any CPU.Build.0 = Release|Any CPU
	EndGlobalSection
	GlobalSection(SolutionProperties) = preSolution
		HideSolutionNode = FALSE
	EndGlobalSection
	GlobalSection(ExtensibilityGlobals) = postSolution
		SolutionGuid = {F023BB13-5DBC-4879-9E96-CC8FCA1F9371}
	EndGlobalSection
EndGlobal
